
Microsoft Visual Studio Solution File, Format Version 12.00
# Visual Studio 14
VisualStudioVersion = 14.0.25420.1
MinimumVisualStudioVersion = 10.0.40219.1
Project("{FAE04EC0-301F-11D3-BF4B-00C04F79EFBC}") = "Exercise1", "ConsoleApplication1\Exercise1.csproj", "{ECD3322B-79B3-4904-855F-6D0A70CA210F}"
EndProject
Project("{FAE04EC0-301F-11D3-BF4B-00C04F79EFBC}") = "CompanyInfo", "CompanyInfo\CompanyInfo.csproj", "{3FF0E1A6-FBD3-4EAB-AE5B-A2ECFB608B86}"
EndProject
Project("{FAE04EC0-301F-11D3-BF4B-00C04F79EFBC}") = "Circle", "Circle\Circle.csproj", "{7850C8FB-8594-44D2-A4AD-9C34D7EF7906}"
EndProject
Global
	GlobalSection(SolutionConfigurationPlatforms) = preSolution
		Debug|Any CPU = Debug|Any CPU
		Release|Any CPU = Release|Any CPU
	EndGlobalSection
	GlobalSection(ProjectConfigurationPlatforms) = postSolution
		{ECD3322B-79B3-4904-855F-6D0A70CA210F}.Debug|Any CPU.ActiveCfg = Debug|Any CPU
		{ECD3322B-79B3-4904-855F-6D0A70CA210F}.Debug|Any CPU.Build.0 = Debug|Any CPU
		{ECD3322B-79B3-4904-855F-6D0A70CA210F}.Release|Any CPU.ActiveCfg = Release|Any CPU
		{ECD3322B-79B3-4904-855F-6D0A70CA210F}.Release|Any CPU.Build.0 = Release|Any CPU
		{3FF0E1A6-FBD3-4EAB-AE5B-A2ECFB608B86}.Debug|Any CPU.ActiveCfg = Debug|Any CPU
		{3FF0E1A6-FBD3-4EAB-AE5B-A2ECFB608B86}.Debug|Any CPU.Build.0 = Debug|Any CPU
		{3FF0E1A6-FBD3-4EAB-AE5B-A2ECFB608B86}.Release|Any CPU.ActiveCfg = Release|Any CPU
		{3FF0E1A6-FBD3-4EAB-AE5B-A2ECFB608B86}.Release|Any CPU.Build.0 = Release|Any CPU
		{7850C8FB-8594-44D2-A4AD-9C34D7EF7906}.Debug|Any CPU.ActiveCfg = Debug|Any CPU
		{7850C8FB-8594-44D2-A4AD-9C34D7EF7906}.Debug|Any CPU.Build.0 = Debug|Any CPU
		{7850C8FB-8594-44D2-A4AD-9C34D7EF7906}.Release|Any CPU.ActiveCfg = Release|Any CPU
		{7850C8FB-8594-44D2-A4AD-9C34D7EF7906}.Release|Any CPU.Build.0 = Release|Any CPU
	EndGlobalSection
	GlobalSection(SolutionProperties) = preSolution
		HideSolutionNode = FALSE
	EndGlobalSection
EndGlobal
