
Microsoft Visual Studio Solution File, Format Version 12.00
# Visual Studio 14
VisualStudioVersion = 14.0.25420.1
MinimumVisualStudioVersion = 10.0.40219.1
Project("{FAE04EC0-301F-11D3-BF4B-00C04F79EFBC}") = "Reverse String", "Reverse String\Reverse String.csproj", "{4FFF1DCD-CDAB-40D6-9D52-FA5FC406824C}"
EndProject
Project("{FAE04EC0-301F-11D3-BF4B-00C04F79EFBC}") = "Correct brackets", "Correct brackets\Correct brackets.csproj", "{475E023D-1C7D-409E-8028-B92EB1E23E44}"
EndProject
Global
	GlobalSection(SolutionConfigurationPlatforms) = preSolution
		Debug|Any CPU = Debug|Any CPU
		Release|Any CPU = Release|Any CPU
	EndGlobalSection
	GlobalSection(ProjectConfigurationPlatforms) = postSolution
		{4FFF1DCD-CDAB-40D6-9D52-FA5FC406824C}.Debug|Any CPU.ActiveCfg = Debug|Any CPU
		{4FFF1DCD-CDAB-40D6-9D52-FA5FC406824C}.Debug|Any CPU.Build.0 = Debug|Any CPU
		{4FFF1DCD-CDAB-40D6-9D52-FA5FC406824C}.Release|Any CPU.ActiveCfg = Release|Any CPU
		{4FFF1DCD-CDAB-40D6-9D52-FA5FC406824C}.Release|Any CPU.Build.0 = Release|Any CPU
		{475E023D-1C7D-409E-8028-B92EB1E23E44}.Debug|Any CPU.ActiveCfg = Debug|Any CPU
		{475E023D-1C7D-409E-8028-B92EB1E23E44}.Debug|Any CPU.Build.0 = Debug|Any CPU
		{475E023D-1C7D-409E-8028-B92EB1E23E44}.Release|Any CPU.ActiveCfg = Release|Any CPU
		{475E023D-1C7D-409E-8028-B92EB1E23E44}.Release|Any CPU.Build.0 = Release|Any CPU
	EndGlobalSection
	GlobalSection(SolutionProperties) = preSolution
		HideSolutionNode = FALSE
	EndGlobalSection
EndGlobal
